{
  "name": "validation",
  "version": "1.0.0",
  "lockfileVersion": 3,
  "requires": true,
  "packages": {
    "": {
      "name": "validation",
      "version": "1.0.0",
      "license": "ISC",
      "devDependencies": {
        "umd": "^3.0.3"
      }
    },
    "node_modules/umd": {
      "version": "3.0.3",
      "resolved": "https://registry.npmjs.org/umd/-/umd-3.0.3.tgz",
      "integrity": "sha512-4IcGSufhFshvLNcMCV80UnQVlZ5pMOC8mvNPForqwA4+lzYQuetTESLDQkeLmihq8bRcnpbQa48Wb8Lh16/xow==",
      "dev": true,
      "bin": {
        "umd": "bin/cli.js"
      }
    }
  }
}
